
Microsoft Visual Studio Solution File, Format Version 12.00
# Visual Studio 14
VisualStudioVersion = 14.0.25420.1
MinimumVisualStudioVersion = 10.0.40219.1
Project("{FAE04EC0-301F-11D3-BF4B-00C04F79EFBC}") = "Library", "DMOLibrary\Library.csproj", "{D91FAFB6-85E6-489A-9942-B9E2A914F0F8}"
EndProject
Project("{FAE04EC0-301F-11D3-BF4B-00C04F79EFBC}") = "Host", "DMOHosting\Host.csproj", "{F6C9C4AF-D4E1-4170-B184-91FBD4836ED3}"
EndProject
Project("{FAE04EC0-301F-11D3-BF4B-00C04F79EFBC}") = "Entity", "DMOEntity\Entity.csproj", "{BAB94A13-8D96-4CB6-836B-DE94D1672969}"
EndProject
Project("{FAE04EC0-301F-11D3-BF4B-00C04F79EFBC}") = "DTO", "DMODTO\DTO.csproj", "{078DBA17-689F-4A2C-81A4-E197720E548B}"
EndProject
Project("{FAE04EC0-301F-11D3-BF4B-00C04F79EFBC}") = "Web.Client", "WebClient\Web.Client.csproj", "{6C9E4B82-7F53-4665-9456-96402F2ABBD9}"
	ProjectSection(ProjectDependencies) = postProject
		{F6C9C4AF-D4E1-4170-B184-91FBD4836ED3} = {F6C9C4AF-D4E1-4170-B184-91FBD4836ED3}
	EndProjectSection
EndProject
Global
	GlobalSection(SolutionConfigurationPlatforms) = preSolution
		Debug|Any CPU = Debug|Any CPU
		Release|Any CPU = Release|Any CPU
	EndGlobalSection
	GlobalSection(ProjectConfigurationPlatforms) = postSolution
		{D91FAFB6-85E6-489A-9942-B9E2A914F0F8}.Debug|Any CPU.ActiveCfg = Debug|Any CPU
		{D91FAFB6-85E6-489A-9942-B9E2A914F0F8}.Debug|Any CPU.Build.0 = Debug|Any CPU
		{D91FAFB6-85E6-489A-9942-B9E2A914F0F8}.Release|Any CPU.ActiveCfg = Release|Any CPU
		{D91FAFB6-85E6-489A-9942-B9E2A914F0F8}.Release|Any CPU.Build.0 = Release|Any CPU
		{F6C9C4AF-D4E1-4170-B184-91FBD4836ED3}.Debug|Any CPU.ActiveCfg = Debug|Any CPU
		{F6C9C4AF-D4E1-4170-B184-91FBD4836ED3}.Debug|Any CPU.Build.0 = Debug|Any CPU
		{F6C9C4AF-D4E1-4170-B184-91FBD4836ED3}.Release|Any CPU.ActiveCfg = Release|Any CPU
		{F6C9C4AF-D4E1-4170-B184-91FBD4836ED3}.Release|Any CPU.Build.0 = Release|Any CPU
		{BAB94A13-8D96-4CB6-836B-DE94D1672969}.Debug|Any CPU.ActiveCfg = Debug|Any CPU
		{BAB94A13-8D96-4CB6-836B-DE94D1672969}.Debug|Any CPU.Build.0 = Debug|Any CPU
		{BAB94A13-8D96-4CB6-836B-DE94D1672969}.Release|Any CPU.ActiveCfg = Release|Any CPU
		{BAB94A13-8D96-4CB6-836B-DE94D1672969}.Release|Any CPU.Build.0 = Release|Any CPU
		{078DBA17-689F-4A2C-81A4-E197720E548B}.Debug|Any CPU.ActiveCfg = Debug|Any CPU
		{078DBA17-689F-4A2C-81A4-E197720E548B}.Debug|Any CPU.Build.0 = Debug|Any CPU
		{078DBA17-689F-4A2C-81A4-E197720E548B}.Release|Any CPU.ActiveCfg = Release|Any CPU
		{078DBA17-689F-4A2C-81A4-E197720E548B}.Release|Any CPU.Build.0 = Release|Any CPU
		{6C9E4B82-7F53-4665-9456-96402F2ABBD9}.Debug|Any CPU.ActiveCfg = Debug|Any CPU
		{6C9E4B82-7F53-4665-9456-96402F2ABBD9}.Debug|Any CPU.Build.0 = Debug|Any CPU
		{6C9E4B82-7F53-4665-9456-96402F2ABBD9}.Release|Any CPU.ActiveCfg = Release|Any CPU
		{6C9E4B82-7F53-4665-9456-96402F2ABBD9}.Release|Any CPU.Build.0 = Release|Any CPU
	EndGlobalSection
	GlobalSection(SolutionProperties) = preSolution
		HideSolutionNode = FALSE
	EndGlobalSection
EndGlobal
